[[package]]
name = "alabaster"
version = "0.7.13"
description = "A configurable sidebar-enabled Sphinx theme"
category = "dev"
optional = false
python-versions = ">=3.6"

[[package]]
name = "astroid"
version = "2.11.7"
description = "An abstract syntax tree for Python with inference support."
category = "dev"
optional = false
python-versions = ">=3.6.2"

[package.dependencies]
lazy-object-proxy = ">=1.4.0"
typed-ast = {version = ">=1.4.0,<2.0", markers = "implementation_name == \"cpython\" and python_version < \"3.8\""}
typing-extensions = {version = ">=3.10", markers = "python_version < \"3.10\""}
wrapt = ">=1.11,<2"

[[package]]
name = "attrs"
version = "22.2.0"
description = "Classes Without Boilerplate"
category = "dev"
optional = false
python-versions = ">=3.6"

[package.extras]
cov = ["attrs", "coverage-enable-subprocess", "coverage[toml] (>=5.3)"]
dev = ["attrs"]
docs = ["furo", "sphinx", "myst-parser", "zope.interface", "sphinx-notfound-page", "sphinxcontrib-towncrier", "towncrier"]
tests = ["attrs", "zope.interface"]
tests-no-zope = ["hypothesis", "pympler", "pytest (>=4.3.0)", "pytest-xdist", "cloudpickle", "mypy (>=0.971,<0.990)", "pytest-mypy-plugins"]
tests_no_zope = ["hypothesis", "pympler", "pytest (>=4.3.0)", "pytest-xdist", "cloudpickle", "mypy (>=0.971,<0.990)", "pytest-mypy-plugins"]

[[package]]
name = "babel"
version = "2.11.0"
description = "Internationalization utilities"
category = "dev"
optional = false
python-versions = ">=3.6"

[package.dependencies]
pytz = ">=2015.7"

[[package]]
name = "certifi"
version = "2022.12.7"
description = "Python package for providing Mozilla's CA Bundle."
category = "main"
optional = false
python-versions = ">=3.6"

[[package]]
name = "charset-normalizer"
version = "3.0.1"
description = "The Real First Universal Charset Detector. Open, modern and actively maintained alternative to Chardet."
category = "main"
optional = false
python-versions = "*"

[[package]]
name = "colorama"
version = "0.4.6"
description = "Cross-platform colored terminal text."
category = "dev"
optional = false
python-versions = "!=3.0.*,!=3.1.*,!=3.2.*,!=3.3.*,!=3.4.*,!=3.5.*,!=3.6.*,>=2.7"

[[package]]
name = "dill"
version = "0.3.6"
description = "serialize all of python"
category = "main"
optional = false
python-versions = ">=3.7"

[package.extras]
graph = ["objgraph (>=1.7.2)"]

[[package]]
name = "docutils"
version = "0.19"
description = "Docutils -- Python Documentation Utilities"
category = "dev"
optional = false
python-versions = ">=3.7"

[[package]]
name = "exceptiongroup"
version = "1.1.0"
description = "Backport of PEP 654 (exception groups)"
category = "dev"
optional = false
python-versions = ">=3.7"

[package.extras]
test = ["pytest (>=6)"]

[[package]]
name = "idna"
version = "3.4"
description = "Internationalized Domain Names in Applications (IDNA)"
category = "main"
optional = false
python-versions = ">=3.5"

[[package]]
name = "imagesize"
version = "1.4.1"
description = "Getting image size from png/jpeg/jpeg2000/gif file"
category = "dev"
optional = false
python-versions = ">=2.7, !=3.0.*, !=3.1.*, !=3.2.*, !=3.3.*"

[[package]]
name = "importlib-metadata"
version = "4.13.0"
description = "Read metadata from Python packages"
category = "main"
optional = false
python-versions = ">=3.7"

[package.dependencies]
typing-extensions = {version = ">=3.6.4", markers = "python_version < \"3.8\""}
zipp = ">=0.5"

[package.extras]
docs = ["sphinx (>=3.5)", "jaraco.packaging (>=9)", "rst.linker (>=1.9)", "furo", "jaraco.tidelift (>=1.4)"]
perf = ["ipython"]
testing = ["pytest (>=6)", "pytest-checkdocs (>=2.4)", "pytest-flake8", "flake8 (<5)", "pytest-cov", "pytest-enabler (>=1.3)", "packaging", "pyfakefs", "flufl.flake8", "pytest-perf (>=0.9.2)", "pytest-black (>=0.3.7)", "pytest-mypy (>=0.9.1)", "importlib-resources (>=1.3)"]

[[package]]
name = "iniconfig"
version = "2.0.0"
description = "brain-dead simple config-ini parsing"
category = "dev"
optional = false
python-versions = ">=3.7"

[[package]]
name = "isort"
version = "5.11.5"
description = "A Python utility / library to sort Python imports."
category = "dev"
optional = false
python-versions = ">=3.7.0"

[package.extras]
pipfile-deprecated-finder = ["pipreqs", "requirementslib", "pip-shims (>=0.5.2)"]
requirements-deprecated-finder = ["pipreqs", "pip-api"]
colors = ["colorama (>=0.4.3,<0.5.0)"]
plugins = ["setuptools"]

[[package]]
name = "jinja2"
version = "3.1.2"
description = "A very fast and expressive template engine."
category = "dev"
optional = false
python-versions = ">=3.7"

[package.dependencies]
MarkupSafe = ">=2.0"

[package.extras]
i18n = ["Babel (>=2.7)"]

[[package]]
name = "lazy-object-proxy"
version = "1.9.0"
description = "A fast and thorough lazy object proxy."
category = "dev"
optional = false
python-versions = ">=3.7"

[[package]]
name = "markupsafe"
version = "2.1.2"
description = "Safely add untrusted strings to HTML/XML markup."
category = "dev"
optional = false
python-versions = ">=3.7"

[[package]]
name = "mccabe"
version = "0.7.0"
description = "McCabe checker, plugin for flake8"
category = "dev"
optional = false
python-versions = ">=3.6"

[[package]]
name = "mpmath"
version = "1.2.1"
description = "Python library for arbitrary-precision floating-point arithmetic"
category = "main"
optional = false
python-versions = "*"

[package.extras]
tests = ["pytest (>=4.6)"]
develop = ["wheel", "codecov", "pytest-cov", "pycodestyle", "pytest (>=4.6)"]

[[package]]
name = "mypy"
version = "0.981"
description = "Optional static typing for Python"
category = "dev"
optional = false
python-versions = ">=3.7"

[package.dependencies]
mypy-extensions = ">=0.4.3"
tomli = {version = ">=1.1.0", markers = "python_version < \"3.11\""}
typed-ast = {version = ">=1.4.0,<2", markers = "python_version < \"3.8\""}
typing-extensions = ">=3.10"

[package.extras]
dmypy = ["psutil (>=4.0)"]
python2 = ["typed-ast (>=1.4.0,<2)"]
reports = ["lxml"]

[[package]]
name = "mypy-extensions"
version = "0.4.3"
description = "Experimental type system extensions for programs checked with the mypy typechecker."
category = "dev"
optional = false
python-versions = "*"

[[package]]
name = "numpy"
version = "1.21.1"
description = "NumPy is the fundamental package for array computing with Python."
category = "main"
optional = false
python-versions = ">=3.7"

[[package]]
name = "packaging"
version = "23.0"
description = "Core utilities for Python packages"
category = "dev"
optional = false
python-versions = ">=3.7"

[[package]]
name = "pbr"
version = "5.11.1"
description = "Python Build Reasonableness"
category = "main"
optional = false
python-versions = ">=2.6"

[[package]]
name = "platformdirs"
version = "2.6.2"
description = "A small Python package for determining appropriate platform-specific dirs, e.g. a \"user data dir\"."
category = "dev"
optional = false
python-versions = ">=3.7"

[package.dependencies]
typing-extensions = {version = ">=4.4", markers = "python_version < \"3.8\""}

[package.extras]
docs = ["furo (>=2022.12.7)", "proselint (>=0.13)", "sphinx-autodoc-typehints (>=1.19.5)", "sphinx (>=5.3)"]
test = ["appdirs (==1.4.4)", "covdefaults (>=2.2.2)", "pytest-cov (>=4)", "pytest-mock (>=3.10)", "pytest (>=7.2)"]

[[package]]
name = "pluggy"
version = "1.0.0"
description = "plugin and hook calling mechanisms for python"
category = "dev"
optional = false
python-versions = ">=3.6"

[package.dependencies]
importlib-metadata = {version = ">=0.12", markers = "python_version < \"3.8\""}

[package.extras]
testing = ["pytest-benchmark", "pytest"]
dev = ["tox", "pre-commit"]

[[package]]
name = "ply"
version = "3.11"
description = "Python Lex & Yacc"
category = "main"
optional = false
python-versions = "*"

[[package]]
name = "psutil"
version = "5.9.4"
description = "Cross-platform lib for process and system monitoring in Python."
category = "main"
optional = false
python-versions = ">=2.7, !=3.0.*, !=3.1.*, !=3.2.*, !=3.3.*"

[package.extras]
test = ["ipaddress", "mock", "enum34", "pywin32", "wmi"]

[[package]]
name = "pygments"
version = "2.14.0"
description = "Pygments is a syntax highlighting package written in Python."
category = "dev"
optional = false
python-versions = ">=3.6"

[package.extras]
plugins = ["importlib-metadata"]

[[package]]
name = "pylint"
version = "2.13.0"
description = "python code static checker"
category = "dev"
optional = false
python-versions = ">=3.6.2"

[package.dependencies]
astroid = ">=2.11.0,<=2.12.0-dev0"
colorama = {version = "*", markers = "sys_platform == \"win32\""}
dill = ">=0.2"
isort = ">=4.2.5,<6"
mccabe = ">=0.6,<0.8"
platformdirs = ">=2.2.0"
tomli = {version = ">=1.1.0", markers = "python_version < \"3.11\""}
typing-extensions = {version = ">=3.10.0", markers = "python_version < \"3.10\""}

[package.extras]
testutil = ["gitpython (>3)"]

[[package]]
name = "pytest"
version = "7.2.1"
description = "pytest: simple powerful testing with Python"
category = "dev"
optional = false
python-versions = ">=3.7"

[package.dependencies]
attrs = ">=19.2.0"
colorama = {version = "*", markers = "sys_platform == \"win32\""}
exceptiongroup = {version = ">=1.0.0rc8", markers = "python_version < \"3.11\""}
importlib-metadata = {version = ">=0.12", markers = "python_version < \"3.8\""}
iniconfig = "*"
packaging = "*"
pluggy = ">=0.12,<2.0"
tomli = {version = ">=1.0.0", markers = "python_version < \"3.11\""}

[package.extras]
testing = ["argcomplete", "hypothesis (>=3.56)", "mock", "nose", "pygments (>=2.7.2)", "requests", "xmlschema"]

[[package]]
name = "python-dateutil"
version = "2.8.2"
description = "Extensions to the standard Python datetime module"
category = "main"
optional = false
python-versions = "!=3.0.*,!=3.1.*,!=3.2.*,>=2.7"

[package.dependencies]
six = ">=1.5"

[[package]]
name = "pytz"
version = "2022.7.1"
description = "World timezone definitions, modern and historical"
category = "dev"
optional = false
python-versions = "*"

[[package]]
name = "qiskit-sphinx-theme"
version = "1.10.1"
description = "qiskit_sphinx_theme"
category = "dev"
optional = false
python-versions = "*"

[package.dependencies]
sphinx = "*"

[[package]]
name = "qiskit-terra"
version = "0.23.1"
description = "Software for developing quantum computing programs"
category = "main"
optional = false
python-versions = ">=3.7"

[package.dependencies]
dill = ">=0.3"
importlib_metadata = {version = "<5.0", markers = "python_version < \"3.8\""}
numpy = ">=1.17"
ply = ">=3.10"
psutil = ">=5"
python-dateutil = ">=2.8.0"
rustworkx = ">=0.12.0"
scipy = ">=1.5"
shared-memory38 = {version = "*", markers = "python_version < \"3.8\""}
singledispatchmethod = {version = "*", markers = "python_version < \"3.8\""}
stevedore = ">=3.0.0"
symengine = {version = ">=0.9", markers = "platform_machine == \"x86_64\" or platform_machine == \"aarch64\" or platform_machine == \"ppc64le\" or platform_machine == \"amd64\" or platform_machine == \"arm64\""}
sympy = ">=1.3"
typing-extensions = {version = "*", markers = "python_version < \"3.8\""}

[package.extras]
all = ["matplotlib (>=3.3)", "ipywidgets (>=7.3.0)", "pydot", "pillow (>=4.2.1)", "pylatexenc (>=1.4)", "seaborn (>=0.9.0)", "pygments (>=2.4)", "z3-solver (>=4.7)", "python-constraint (>=1.4)", "qiskit-qasm3-import (>=0.1.0)"]
bip-mapper = ["cplex", "docplex"]
crosstalk-pass = ["z3-solver (>=4.7)"]
csp-layout-pass = ["python-constraint (>=1.4)"]
qasm3-import = ["qiskit-qasm3-import (>=0.1.0)"]
toqm = ["qiskit-toqm (>=0.1.0)"]
visualization = ["matplotlib (>=3.3)", "ipywidgets (>=7.3.0)", "pydot", "pillow (>=4.2.1)", "pylatexenc (>=1.4)", "seaborn (>=0.9.0)", "pygments (>=2.4)"]

[[package]]
name = "requests"
version = "2.28.2"
description = "Python HTTP for Humans."
category = "main"
optional = false
python-versions = ">=3.7, <4"

[package.dependencies]
certifi = ">=2017.4.17"
charset-normalizer = ">=2,<4"
idna = ">=2.5,<4"
urllib3 = ">=1.21.1,<1.27"

[package.extras]
socks = ["PySocks (>=1.5.6,!=1.5.7)"]
use_chardet_on_py3 = ["chardet (>=3.0.2,<6)"]

[[package]]
name = "rustworkx"
version = "0.12.1"
description = "A python graph library implemented in Rust"
category = "main"
optional = false
python-versions = ">=3.7"

[package.dependencies]
numpy = ">=1.16.0"

[package.extras]
all = ["matplotlib (>=3.0)", "pillow (>=5.4)"]
graphviz = ["pillow (>=5.4)"]
mpl = ["matplotlib (>=3.0)"]

[[package]]
name = "scipy"
version = "1.6.1"
description = "SciPy: Scientific Library for Python"
category = "main"
optional = false
python-versions = ">=3.7"

[package.dependencies]
numpy = ">=1.16.5"

[[package]]
name = "shared-memory38"
version = "0.1.2"
description = "Backport of multiprocessing.shared_memory in Python 3.8"
category = "main"
optional = false
python-versions = "*"

[[package]]
name = "singledispatchmethod"
version = "1.0"
description = "Backport of @functools.singledispatchmethod to Python 2.7-3.7."
category = "main"
optional = false
python-versions = "*"

[[package]]
name = "six"
version = "1.16.0"
description = "Python 2 and 3 compatibility utilities"
category = "main"
optional = false
python-versions = ">=2.7, !=3.0.*, !=3.1.*, !=3.2.*"

[[package]]
name = "snowballstemmer"
version = "2.2.0"
description = "This package provides 29 stemmers for 28 languages generated from Snowball algorithms."
category = "dev"
optional = false
python-versions = "*"

[[package]]
name = "sphinx"
version = "5.3.0"
description = "Python documentation generator"
category = "dev"
optional = false
python-versions = ">=3.6"

[package.dependencies]
alabaster = ">=0.7,<0.8"
babel = ">=2.9"
colorama = {version = ">=0.4.5", markers = "sys_platform == \"win32\""}
docutils = ">=0.14,<0.20"
imagesize = ">=1.3"
importlib-metadata = {version = ">=4.8", markers = "python_version < \"3.10\""}
Jinja2 = ">=3.0"
packaging = ">=21.0"
Pygments = ">=2.12"
requests = ">=2.5.0"
snowballstemmer = ">=2.0"
sphinxcontrib-applehelp = "*"
sphinxcontrib-devhelp = "*"
sphinxcontrib-htmlhelp = ">=2.0.0"
sphinxcontrib-jsmath = "*"
sphinxcontrib-qthelp = "*"
sphinxcontrib-serializinghtml = ">=1.1.5"

[package.extras]
docs = ["sphinxcontrib-websupport"]
lint = ["flake8 (>=3.5.0)", "flake8-comprehensions", "flake8-bugbear", "flake8-simplify", "isort", "mypy (>=0.981)", "sphinx-lint", "docutils-stubs", "types-typed-ast", "types-requests"]
test = ["pytest (>=4.6)", "html5lib", "typed-ast", "cython"]

[[package]]
name = "sphinxcontrib-applehelp"
version = "1.0.2"
description = "sphinxcontrib-applehelp is a sphinx extension which outputs Apple help books"
category = "dev"
optional = false
python-versions = ">=3.5"

[package.extras]
test = ["pytest"]
lint = ["docutils-stubs", "mypy", "flake8"]

[[package]]
name = "sphinxcontrib-devhelp"
version = "1.0.2"
description = "sphinxcontrib-devhelp is a sphinx extension which outputs Devhelp document."
category = "dev"
optional = false
python-versions = ">=3.5"

[package.extras]
test = ["pytest"]
lint = ["docutils-stubs", "mypy", "flake8"]

[[package]]
name = "sphinxcontrib-htmlhelp"
version = "2.0.0"
description = "sphinxcontrib-htmlhelp is a sphinx extension which renders HTML help files"
category = "dev"
optional = false
python-versions = ">=3.6"

[package.extras]
test = ["html5lib", "pytest"]
lint = ["docutils-stubs", "mypy", "flake8"]

[[package]]
name = "sphinxcontrib-jsmath"
version = "1.0.1"
description = "A sphinx extension which renders display math in HTML via JavaScript"
category = "dev"
optional = false
python-versions = ">=3.5"

[package.extras]
test = ["mypy", "flake8", "pytest"]

[[package]]
name = "sphinxcontrib-qthelp"
version = "1.0.3"
description = "sphinxcontrib-qthelp is a sphinx extension which outputs QtHelp document."
category = "dev"
optional = false
python-versions = ">=3.5"

[package.extras]
test = ["pytest"]
lint = ["docutils-stubs", "mypy", "flake8"]

[[package]]
name = "sphinxcontrib-serializinghtml"
version = "1.1.5"
description = "sphinxcontrib-serializinghtml is a sphinx extension which outputs \"serialized\" HTML files (json and pickle)."
category = "dev"
optional = false
python-versions = ">=3.5"

[package.extras]
lint = ["flake8", "mypy", "docutils-stubs"]
test = ["pytest"]

[[package]]
name = "stevedore"
version = "3.5.2"
description = "Manage dynamic plugins for Python applications"
category = "main"
optional = false
python-versions = ">=3.6"

[package.dependencies]
importlib-metadata = {version = ">=1.7.0", markers = "python_version < \"3.8\""}
pbr = ">=2.0.0,<2.1.0 || >2.1.0"

[[package]]
name = "symengine"
version = "0.9.2"
description = "Python library providing wrappers to SymEngine"
category = "main"
optional = false
python-versions = ">=3.7,<4"

[[package]]
name = "sympy"
version = "1.10.1"
description = "Computer algebra system (CAS) in Python"
category = "main"
optional = false
python-versions = ">=3.7"

[package.dependencies]
mpmath = ">=0.19"

[[package]]
name = "tomli"
version = "2.0.1"
description = "A lil' TOML parser"
category = "dev"
optional = false
python-versions = ">=3.7"

[[package]]
name = "typed-ast"
version = "1.5.4"
description = "a fork of Python 2 and 3 ast modules with type comment support"
category = "dev"
optional = false
python-versions = ">=3.6"

[[package]]
name = "types-docutils"
version = "0.19.1.2"
description = "Typing stubs for docutils"
category = "dev"
optional = false
python-versions = "*"

[[package]]
name = "types-requests"
version = "2.28.11.8"
description = "Typing stubs for requests"
category = "dev"
optional = false
python-versions = "*"

[package.dependencies]
types-urllib3 = "<1.27"

[[package]]
name = "types-setuptools"
version = "65.7.0.3"
description = "Typing stubs for setuptools"
category = "dev"
optional = false
python-versions = "*"

[package.dependencies]
types-docutils = "*"

[[package]]
name = "types-urllib3"
version = "1.26.25.4"
description = "Typing stubs for urllib3"
category = "dev"
optional = false
python-versions = "*"

[[package]]
name = "typing-extensions"
version = "4.4.0"
description = "Backported and Experimental Type Hints for Python 3.7+"
category = "main"
optional = false
python-versions = ">=3.7"

[[package]]
name = "urllib3"
version = "1.26.14"
description = "HTTP library with thread-safe connection pooling, file post, and more."
category = "main"
optional = false
python-versions = ">=2.7, !=3.0.*, !=3.1.*, !=3.2.*, !=3.3.*, !=3.4.*, !=3.5.*"

[package.extras]
brotli = ["brotlicffi (>=0.8.0)", "brotli (>=1.0.9)", "brotlipy (>=0.6.0)"]
secure = ["pyOpenSSL (>=0.14)", "cryptography (>=1.3.4)", "idna (>=2.0.0)", "certifi", "urllib3-secure-extra", "ipaddress"]
socks = ["PySocks (>=1.5.6,!=1.5.7,<2.0)"]

[[package]]
name = "wrapt"
version = "1.14.1"
description = "Module for decorators, wrappers and monkey patching."
category = "dev"
optional = false
python-versions = "!=3.0.*,!=3.1.*,!=3.2.*,!=3.3.*,!=3.4.*,>=2.7"

[[package]]
name = "zipp"
version = "3.12.0"
description = "Backport of pathlib-compatible object wrapper for zip files"
category = "main"
optional = false
python-versions = ">=3.7"

[package.extras]
docs = ["sphinx (>=3.5)", "jaraco.packaging (>=9)", "rst.linker (>=1.9)", "furo", "sphinx-lint", "jaraco.tidelift (>=1.4)"]
testing = ["pytest (>=6)", "pytest-checkdocs (>=2.4)", "flake8 (<5)", "pytest-cov", "pytest-enabler (>=1.3)", "jaraco.itertools", "func-timeout", "jaraco.functools", "more-itertools", "pytest-black (>=0.3.7)", "pytest-mypy (>=0.9.1)", "pytest-flake8"]

[metadata]
lock-version = "1.1"
python-versions = "^3.7"
content-hash = "462affce2126dac02bbaaf8a5ebf4a59c42af320631a531c3c42241933d394cf"

[metadata.files]
alabaster = []
astroid = []
attrs = [
    {file = "attrs-22.2.0-py3-none-any.whl", hash = "sha256:29e95c7f6778868dbd49170f98f8818f78f3dc5e0e37c0b1f474e3561b240836"},
    {file = "attrs-22.2.0.tar.gz", hash = "sha256:c9227bfc2f01993c03f68db37d1d15c9690188323c067c641f1a35ca58185f99"},
]
babel = [
    {file = "Babel-2.11.0-py3-none-any.whl", hash = "sha256:1ad3eca1c885218f6dce2ab67291178944f810a10a9b5f3cb8382a5a232b64fe"},
    {file = "Babel-2.11.0.tar.gz", hash = "sha256:5ef4b3226b0180dedded4229651c8b0e1a3a6a2837d45a073272f313e4cf97f6"},
]
certifi = [
    {file = "certifi-2022.12.7-py3-none-any.whl", hash = "sha256:4ad3232f5e926d6718ec31cfc1fcadfde020920e278684144551c91769c7bc18"},
    {file = "certifi-2022.12.7.tar.gz", hash = "sha256:35824b4c3a97115964b408844d64aa14db1cc518f6562e8d7261699d1350a9e3"},
]
charset-normalizer = []
colorama = []
dill = []
docutils = []
exceptiongroup = [
    {file = "exceptiongroup-1.1.0-py3-none-any.whl", hash = "sha256:327cbda3da756e2de031a3107b81ab7b3770a602c4d16ca618298c526f4bec1e"},
    {file = "exceptiongroup-1.1.0.tar.gz", hash = "sha256:bcb67d800a4497e1b404c2dd44fca47d3b7a5e5433dbab67f96c1a685cdfdf23"},
]
idna = []
imagesize = []
importlib-metadata = []
iniconfig = [
    {file = "iniconfig-2.0.0-py3-none-any.whl", hash = "sha256:b6a85871a79d2e3b22d2d1b94ac2824226a63c6b741c88f7ae975f18b6778374"},
    {file = "iniconfig-2.0.0.tar.gz", hash = "sha256:2d91e135bf72d31a410b17c16da610a82cb55f6b0477d1a902134b24a455b8b3"},
]
isort = []
jinja2 = []
lazy-object-proxy = []
markupsafe = []
mccabe = []
mpmath = []
mypy = [
    {file = "mypy-0.981-cp310-cp310-macosx_10_9_universal2.whl", hash = "sha256:4bc460e43b7785f78862dab78674e62ec3cd523485baecfdf81a555ed29ecfa0"},
    {file = "mypy-0.981-cp310-cp310-macosx_10_9_x86_64.whl", hash = "sha256:756fad8b263b3ba39e4e204ee53042671b660c36c9017412b43af210ddee7b08"},
    {file = "mypy-0.981-cp310-cp310-macosx_11_0_arm64.whl", hash = "sha256:a16a0145d6d7d00fbede2da3a3096dcc9ecea091adfa8da48fa6a7b75d35562d"},
    {file = "mypy-0.981-cp310-cp310-manylinux_2_17_x86_64.manylinux2014_x86_64.whl", hash = "sha256:ce65f70b14a21fdac84c294cde75e6dbdabbcff22975335e20827b3b94bdbf49"},
    {file = "mypy-0.981-cp310-cp310-musllinux_1_1_x86_64.whl", hash = "sha256:6e35d764784b42c3e256848fb8ed1d4292c9fc0098413adb28d84974c095b279"},
    {file = "mypy-0.981-cp310-cp310-win_amd64.whl", hash = "sha256:e53773073c864d5f5cec7f3fc72fbbcef65410cde8cc18d4f7242dea60dac52e"},
    {file = "mypy-0.981-cp37-cp37m-macosx_10_9_x86_64.whl", hash = "sha256:6ee196b1d10b8b215e835f438e06965d7a480f6fe016eddbc285f13955cca659"},
    {file = "mypy-0.981-cp37-cp37m-manylinux_2_17_x86_64.manylinux2014_x86_64.whl", hash = "sha256:8ad21d4c9d3673726cf986ea1d0c9fb66905258709550ddf7944c8f885f208be"},
    {file = "mypy-0.981-cp37-cp37m-musllinux_1_1_x86_64.whl", hash = "sha256:d1debb09043e1f5ee845fa1e96d180e89115b30e47c5d3ce53bc967bab53f62d"},
    {file = "mypy-0.981-cp37-cp37m-win_amd64.whl", hash = "sha256:9f362470a3480165c4c6151786b5379351b790d56952005be18bdbdd4c7ce0ae"},
    {file = "mypy-0.981-cp38-cp38-macosx_10_9_universal2.whl", hash = "sha256:c9e0efb95ed6ca1654951bd5ec2f3fa91b295d78bf6527e026529d4aaa1e0c30"},
    {file = "mypy-0.981-cp38-cp38-macosx_10_9_x86_64.whl", hash = "sha256:e178eaffc3c5cd211a87965c8c0df6da91ed7d258b5fc72b8e047c3771317ddb"},
    {file = "mypy-0.981-cp38-cp38-macosx_11_0_arm64.whl", hash = "sha256:06e1eac8d99bd404ed8dd34ca29673c4346e76dd8e612ea507763dccd7e13c7a"},
    {file = "mypy-0.981-cp38-cp38-manylinux_2_17_x86_64.manylinux2014_x86_64.whl", hash = "sha256:fa38f82f53e1e7beb45557ff167c177802ba7b387ad017eab1663d567017c8ee"},
    {file = "mypy-0.981-cp38-cp38-musllinux_1_1_x86_64.whl", hash = "sha256:64e1f6af81c003f85f0dfed52db632817dabb51b65c0318ffbf5ff51995bbb08"},
    {file = "mypy-0.981-cp38-cp38-win_amd64.whl", hash = "sha256:e1acf62a8c4f7c092462c738aa2c2489e275ed386320c10b2e9bff31f6f7e8d6"},
    {file = "mypy-0.981-cp39-cp39-macosx_10_9_universal2.whl", hash = "sha256:b6ede64e52257931315826fdbfc6ea878d89a965580d1a65638ef77cb551f56d"},
    {file = "mypy-0.981-cp39-cp39-macosx_10_9_x86_64.whl", hash = "sha256:eb3978b191b9fa0488524bb4ffedf2c573340e8c2b4206fc191d44c7093abfb7"},
    {file = "mypy-0.981-cp39-cp39-macosx_11_0_arm64.whl", hash = "sha256:77f8fcf7b4b3cc0c74fb33ae54a4cd00bb854d65645c48beccf65fa10b17882c"},
    {file = "mypy-0.981-cp39-cp39-manylinux_2_17_x86_64.manylinux2014_x86_64.whl", hash = "sha256:f64d2ce043a209a297df322eb4054dfbaa9de9e8738291706eaafda81ab2b362"},
    {file = "mypy-0.981-cp39-cp39-musllinux_1_1_x86_64.whl", hash = "sha256:2ee3dbc53d4df7e6e3b1c68ac6a971d3a4fb2852bf10a05fda228721dd44fae1"},
    {file = "mypy-0.981-cp39-cp39-win_amd64.whl", hash = "sha256:8e8e49aa9cc23aa4c926dc200ce32959d3501c4905147a66ce032f05cb5ecb92"},
    {file = "mypy-0.981-py3-none-any.whl", hash = "sha256:794f385653e2b749387a42afb1e14c2135e18daeb027e0d97162e4b7031210f8"},
    {file = "mypy-0.981.tar.gz", hash = "sha256:ad77c13037d3402fbeffda07d51e3f228ba078d1c7096a73759c9419ea031bf4"},
]
mypy-extensions = []
numpy = []
packaging = [
    {file = "packaging-23.0-py3-none-any.whl", hash = "sha256:714ac14496c3e68c99c29b00845f7a2b85f3bb6f1078fd9f72fd20f0570002b2"},
    {file = "packaging-23.0.tar.gz", hash = "sha256:b6ad297f8907de0fa2fe1ccbd26fdaf387f5f47c7275fedf8cce89f99446cf97"},
]
pbr = []
platformdirs = [
    {file = "platformdirs-2.6.2-py3-none-any.whl", hash = "sha256:83c8f6d04389165de7c9b6f0c682439697887bca0aa2f1c87ef1826be3584490"},
    {file = "platformdirs-2.6.2.tar.gz", hash = "sha256:e1fea1fe471b9ff8332e229df3cb7de4f53eeea4998d3b6bfff542115e998bd2"},
]
pluggy = []
ply = []
psutil = [
    {file = "psutil-5.9.4-cp27-cp27m-macosx_10_9_x86_64.whl", hash = "sha256:c1ca331af862803a42677c120aff8a814a804e09832f166f226bfd22b56feee8"},
    {file = "psutil-5.9.4-cp27-cp27m-manylinux2010_i686.whl", hash = "sha256:68908971daf802203f3d37e78d3f8831b6d1014864d7a85937941bb35f09aefe"},
    {file = "psutil-5.9.4-cp27-cp27m-manylinux2010_x86_64.whl", hash = "sha256:3ff89f9b835100a825b14c2808a106b6fdcc4b15483141482a12c725e7f78549"},
    {file = "psutil-5.9.4-cp27-cp27m-win32.whl", hash = "sha256:852dd5d9f8a47169fe62fd4a971aa07859476c2ba22c2254d4a1baa4e10b95ad"},
    {file = "psutil-5.9.4-cp27-cp27m-win_amd64.whl", hash = "sha256:9120cd39dca5c5e1c54b59a41d205023d436799b1c8c4d3ff71af18535728e94"},
    {file = "psutil-5.9.4-cp27-cp27mu-manylinux2010_i686.whl", hash = "sha256:6b92c532979bafc2df23ddc785ed116fced1f492ad90a6830cf24f4d1ea27d24"},
    {file = "psutil-5.9.4-cp27-cp27mu-manylinux2010_x86_64.whl", hash = "sha256:efeae04f9516907be44904cc7ce08defb6b665128992a56957abc9b61dca94b7"},
    {file = "psutil-5.9.4-cp36-abi3-macosx_10_9_x86_64.whl", hash = "sha256:54d5b184728298f2ca8567bf83c422b706200bcbbfafdc06718264f9393cfeb7"},
    {file = "psutil-5.9.4-cp36-abi3-manylinux_2_12_i686.manylinux2010_i686.manylinux_2_17_i686.manylinux2014_i686.whl", hash = "sha256:16653106f3b59386ffe10e0bad3bb6299e169d5327d3f187614b1cb8f24cf2e1"},
    {file = "psutil-5.9.4-cp36-abi3-manylinux_2_12_x86_64.manylinux2010_x86_64.manylinux_2_17_x86_64.manylinux2014_x86_64.whl", hash = "sha256:54c0d3d8e0078b7666984e11b12b88af2db11d11249a8ac8920dd5ef68a66e08"},
    {file = "psutil-5.9.4-cp38-abi3-macosx_11_0_arm64.whl", hash = "sha256:6001c809253a29599bc0dfd5179d9f8a5779f9dffea1da0f13c53ee568115e1e"},
    {file = "psutil-5.9.4.tar.gz", hash = "sha256:3d7f9739eb435d4b1338944abe23f49584bde5395f27487d2ee25ad9a8774a62"},
]
pygments = [
    {file = "Pygments-2.14.0-py3-none-any.whl", hash = "sha256:fa7bd7bd2771287c0de303af8bfdfc731f51bd2c6a47ab69d117138893b82717"},
    {file = "Pygments-2.14.0.tar.gz", hash = "sha256:b3ed06a9e8ac9a9aae5a6f5dbe78a8a58655d17b43b93c078f094ddc476ae297"},
]
pylint = []
pytest = []
python-dateutil = []
pytz = []
qiskit-sphinx-theme = []
qiskit-terra = []
requests = []
rustworkx = [
    {file = "rustworkx-0.12.1-cp310-cp310-macosx_10_9_universal2.whl", hash = "sha256:7eeae40cd3ed014badee6a47569aaaea66b872a2927bb9e76a11a2f8a690b694"},
    {file = "rustworkx-0.12.1-cp310-cp310-macosx_10_9_x86_64.whl", hash = "sha256:25689ec33a880c397f99cf7374d16be97a086a8c13675c20e53c076d05fdba0d"},
    {file = "rustworkx-0.12.1-cp310-cp310-macosx_11_0_arm64.whl", hash = "sha256:f833c688556c7116704097388240da876d6a689b6e4cd9c71da8091ba0fcfcc5"},
    {file = "rustworkx-0.12.1-cp310-cp310-manylinux_2_12_i686.manylinux2010_i686.manylinux_2_17_i686.manylinux2014_i686.whl", hash = "sha256:488737db74c3999b3ad668eee1f6f033fa81be18f7138e027ecf019adf8de15b"},
    {file = "rustworkx-0.12.1-cp310-cp310-manylinux_2_17_aarch64.manylinux2014_aarch64.whl", hash = "sha256:c7221280b6f47acacd12d140a2fc8e0a0b11a99c0802804cae5aee437327da92"},
    {file = "rustworkx-0.12.1-cp310-cp310-manylinux_2_17_ppc64le.manylinux2014_ppc64le.whl", hash = "sha256:4673b613fa192750ba938274a4175391df9cd6f5476039312ffba35c5783cb27"},
    {file = "rustworkx-0.12.1-cp310-cp310-manylinux_2_17_s390x.manylinux2014_s390x.whl", hash = "sha256:0cdec3526deac855957bd2431beddf2fb2fcb8c2a915c630c78b39b198ea946a"},
    {file = "rustworkx-0.12.1-cp310-cp310-manylinux_2_17_x86_64.manylinux2014_x86_64.whl", hash = "sha256:42c84a8c923f8a1f68347999381cde549dbe81f4212896fab5942898045e6ad3"},
    {file = "rustworkx-0.12.1-cp310-cp310-win32.whl", hash = "sha256:ef49f00c09bbe0caf1fbf41ccefe34e8dc7a1835ec2632203d8a91577009222f"},
    {file = "rustworkx-0.12.1-cp310-cp310-win_amd64.whl", hash = "sha256:2e05efd04a5e615bd5479e627743921ab562818e54f7269b25c57d50d2c41fdb"},
    {file = "rustworkx-0.12.1-cp311-cp311-macosx_10_9_universal2.whl", hash = "sha256:346543e11668cca0723616ea6b3de77573b468a0c73095baf693ebbed90d8994"},
    {file = "rustworkx-0.12.1-cp311-cp311-macosx_10_9_x86_64.whl", hash = "sha256:b379e638d043aa7c0b70d5125f1f8eab85c44ec506a152b4948f8de1f83a0387"},
    {file = "rustworkx-0.12.1-cp311-cp311-macosx_11_0_arm64.whl", hash = "sha256:96e44ba57e23becd8bcee0aecc23a6761d3a78e0b0c35ab65d7fd9d439198180"},
    {file = "rustworkx-0.12.1-cp311-cp311-manylinux_2_12_i686.manylinux2010_i686.manylinux_2_17_i686.manylinux2014_i686.whl", hash = "sha256:abab0e57eea912e0c39af90cb1a7afb52213f100657461580c5059b7cd96da17"},
    {file = "rustworkx-0.12.1-cp311-cp311-manylinux_2_17_aarch64.manylinux2014_aarch64.whl", hash = "sha256:375eb1bea1e739eb4744e51302c934f4fb0d75e1868fba4b0e37acbf5c0666ce"},
    {file = "rustworkx-0.12.1-cp311-cp311-manylinux_2_17_ppc64le.manylinux2014_ppc64le.whl", hash = "sha256:aa4a32664384aead1cdb67fb7478478410892c8e40c5d92b02c11e2989102ff0"},
    {file = "rustworkx-0.12.1-cp311-cp311-manylinux_2_17_s390x.manylinux2014_s390x.whl", hash = "sha256:42a9da09ea30c372b00e79e10b5adc06535cf405f857355271a2bd68872ac434"},
    {file = "rustworkx-0.12.1-cp311-cp311-manylinux_2_17_x86_64.manylinux2014_x86_64.whl", hash = "sha256:c95f0163bb979f37f8645f16315030fb02a089cd26c61f24598be671d6e69c32"},
    {file = "rustworkx-0.12.1-cp311-cp311-win32.whl", hash = "sha256:9e42953124a41ea34be3e2bc8a489e30c3d2536be062f486838a0650ab43475b"},
    {file = "rustworkx-0.12.1-cp311-cp311-win_amd64.whl", hash = "sha256:0f71bbb063a76f4731210207fa1bda0c7f4b5c7e53ec5f9b59b3569c1962d8e0"},
    {file = "rustworkx-0.12.1-cp37-cp37m-macosx_10_9_x86_64.whl", hash = "sha256:9800a8aa630b7a0f78ddaaefd6844d2e9e67fb0776d751c8b2e4ddecffd499d6"},
    {file = "rustworkx-0.12.1-cp37-cp37m-manylinux_2_12_i686.manylinux2010_i686.manylinux_2_17_i686.manylinux2014_i686.whl", hash = "sha256:87124022aa80d0a05d84deddbd725067952ff912ea5dc45e1e04cb57f696efca"},
    {file = "rustworkx-0.12.1-cp37-cp37m-manylinux_2_17_aarch64.manylinux2014_aarch64.whl", hash = "sha256:3b9bbb9219ad2e00a5b328cb5ce49a107c1a919435447e7a7a6a9f9466693e40"},
    {file = "rustworkx-0.12.1-cp37-cp37m-manylinux_2_17_ppc64le.manylinux2014_ppc64le.whl", hash = "sha256:70d2b41afda256911d4853ac2414fde05d5166dbabdece1f42d95f6aab893281"},
    {file = "rustworkx-0.12.1-cp37-cp37m-manylinux_2_17_s390x.manylinux2014_s390x.whl", hash = "sha256:abea9c1627275633a99a3945d10f3cd9b0389dfe36be23486faaffaf4db9c0cd"},
    {file = "rustworkx-0.12.1-cp37-cp37m-manylinux_2_17_x86_64.manylinux2014_x86_64.whl", hash = "sha256:c11deea83a178df19cdfd6a4e2981d52b0b6a393e2168a494866d934ff430022"},
    {file = "rustworkx-0.12.1-cp37-cp37m-win32.whl", hash = "sha256:2e1c0a43182a61df84964b9673c15b3b2b636db01f5bd4ae8752e646bed9f28b"},
    {file = "rustworkx-0.12.1-cp37-cp37m-win_amd64.whl", hash = "sha256:126e14ae1245ad97bdaf932578e84e9fda9851733590dd2ad8f4f6b16a8610d3"},
    {file = "rustworkx-0.12.1-cp38-cp38-macosx_10_9_universal2.whl", hash = "sha256:d994e78b203bc406a026a9c20b2bec77d1990fb1384843a8f84e750160e790e4"},
    {file = "rustworkx-0.12.1-cp38-cp38-macosx_10_9_x86_64.whl", hash = "sha256:95d683cc9adf7c0c39b2c46ec087d69a42669a4e63a701ca77b9bd9a52ab1400"},
    {file = "rustworkx-0.12.1-cp38-cp38-macosx_11_0_arm64.whl", hash = "sha256:dbcff417c4d03757373a6409d0677a6c1cc384d04f897792f353ee17ce1e09aa"},
    {file = "rustworkx-0.12.1-cp38-cp38-manylinux_2_12_i686.manylinux2010_i686.manylinux_2_17_i686.manylinux2014_i686.whl", hash = "sha256:28fc8a400ad3e2b187b1c354c1cdfee7f9e00fec9c527291b622334d426a3694"},
    {file = "rustworkx-0.12.1-cp38-cp38-manylinux_2_17_aarch64.manylinux2014_aarch64.whl", hash = "sha256:4a1f34b14c6e0021a6ed427450e776e7cd16412b57655f99cbf6b09d5092b581"},
    {file = "rustworkx-0.12.1-cp38-cp38-manylinux_2_17_ppc64le.manylinux2014_ppc64le.whl", hash = "sha256:6d9e77eef49df6b4d692d8ddb69eedfd0e2315a5b477e5b8a65d86f4d37adcd2"},
    {file = "rustworkx-0.12.1-cp38-cp38-manylinux_2_17_s390x.manylinux2014_s390x.whl", hash = "sha256:4f84f0eca04c7863be96dbe2b642ef139e94064ef537eb3777bfe9a96a4385f9"},
    {file = "rustworkx-0.12.1-cp38-cp38-manylinux_2_17_x86_64.manylinux2014_x86_64.whl", hash = "sha256:031f719d05af218765ed377c54811b11567e1b1e106a670b30179992ea89f2d7"},
    {file = "rustworkx-0.12.1-cp38-cp38-win32.whl", hash = "sha256:96a269fa36e78807987ab632bb34c9a475791478a17d3bd795121a1648fcc8d6"},
    {file = "rustworkx-0.12.1-cp38-cp38-win_amd64.whl", hash = "sha256:73fb53bac355e03d455ad2454a21eb47b16d6381ad2c2cb9da534b48c4c64122"},
    {file = "rustworkx-0.12.1-cp39-cp39-macosx_10_9_universal2.whl", hash = "sha256:f6803281bcf8c56c91e69ef7ee62c76af8a8e757ad98c5de8b48281702c75e2f"},
    {file = "rustworkx-0.12.1-cp39-cp39-macosx_10_9_x86_64.whl", hash = "sha256:bc282fbd95938ae3305489c48a3dceb9a4354ca3bcb691578e9bd07c25d5ea27"},
    {file = "rustworkx-0.12.1-cp39-cp39-macosx_11_0_arm64.whl", hash = "sha256:288ff3a44708afaafc46c6d0c9435a13d02bf6dad32b3d07207ce0f55881e5cd"},
    {file = "rustworkx-0.12.1-cp39-cp39-manylinux_2_12_i686.manylinux2010_i686.manylinux_2_17_i686.manylinux2014_i686.whl", hash = "sha256:b3efa381d4329ced0f6ec890b70d520d7047057baea2d793266aee0366607bbe"},
    {file = "rustworkx-0.12.1-cp39-cp39-manylinux_2_17_aarch64.manylinux2014_aarch64.whl", hash = "sha256:b220516158411ec16614b662d701960a0740e947c39b2b9f205a70e3e7899665"},
    {file = "rustworkx-0.12.1-cp39-cp39-manylinux_2_17_ppc64le.manylinux2014_ppc64le.whl", hash = "sha256:94c02dcd5d4f05220bf1721a9c531b7f6203497ea24934c49d82dfdeac6a22ba"},
    {file = "rustworkx-0.12.1-cp39-cp39-manylinux_2_17_s390x.manylinux2014_s390x.whl", hash = "sha256:0d2442fa5a64e8c2c74f43b8f8713964f0d6760c2cd96b8accd28636cc222786"},
    {file = "rustworkx-0.12.1-cp39-cp39-manylinux_2_17_x86_64.manylinux2014_x86_64.whl", hash = "sha256:29723a1cca360a1ad968d7b0bef8f639ab7d4af201c4d3fec019bee0ea11e329"},
    {file = "rustworkx-0.12.1-cp39-cp39-win32.whl", hash = "sha256:25c9c616ff9d1e8112d17cdf83442f862ed6dd94f8a60037378b41bea29041ee"},
    {file = "rustworkx-0.12.1-cp39-cp39-win_amd64.whl", hash = "sha256:dd64db8680c159ce7f69991560fca559a1c8d21282f479aab9595451ac33d0ff"},
    {file = "rustworkx-0.12.1.tar.gz", hash = "sha256:13a19a2f64dff086b3bffffb294c4630100ecbc13634b4995d9d36a481ae130e"},
]
scipy = []
shared-memory38 = []
singledispatchmethod = []
six = []
snowballstemmer = []
sphinx = [
    {file = "Sphinx-5.3.0.tar.gz", hash = "sha256:51026de0a9ff9fc13c05d74913ad66047e104f56a129ff73e174eb5c3ee794b5"},
    {file = "sphinx-5.3.0-py3-none-any.whl", hash = "sha256:060ca5c9f7ba57a08a1219e547b269fadf125ae25b06b9fa7f66768efb652d6d"},
]
sphinxcontrib-applehelp = []
sphinxcontrib-devhelp = []
sphinxcontrib-htmlhelp = []
sphinxcontrib-jsmath = []
sphinxcontrib-qthelp = []
sphinxcontrib-serializinghtml = []
stevedore = []
symengine = []
sympy = []
tomli = []
typed-ast = []
types-docutils = []
types-requests = []
types-setuptools = []
types-urllib3 = [
    {file = "types-urllib3-1.26.25.4.tar.gz", hash = "sha256:eec5556428eec862b1ac578fb69aab3877995a99ffec9e5a12cf7fbd0cc9daee"},
    {file = "types_urllib3-1.26.25.4-py3-none-any.whl", hash = "sha256:ed6b9e8a8be488796f72306889a06a3fc3cb1aa99af02ab8afb50144d7317e49"},
]
typing-extensions = [
    {file = "typing_extensions-4.4.0-py3-none-any.whl", hash = "sha256:16fa4864408f655d35ec496218b85f79b3437c829e93320c7c9215ccfd92489e"},
    {file = "typing_extensions-4.4.0.tar.gz", hash = "sha256:1511434bb92bf8dd198c12b1cc812e800d4181cfcb867674e0f8279cc93087aa"},
]
urllib3 = []
wrapt = []
zipp = []
